
Microsoft Visual Studio Solution File, Format Version 12.00
# Visual Studio Version 17
VisualStudioVersion = 17.0.31903.59
MinimumVisualStudioVersion = 10.0.40219.1
Project("{FAE04EC0-301F-11D3-BF4B-00C04F79EFBC}") = "ProjetoExemplo.Api", "ProjetoExemplo.Api\ProjetoExemplo.Api.csproj", "{C8477CE3-9237-427B-AFE6-19282A9E95B9}"
EndProject
Project("{FAE04EC0-301F-11D3-BF4B-00C04F79EFBC}") = "ProjetoExemplo.Application", "ProjetoExemplo.Application\ProjetoExemplo.Application.csproj", "{93513577-919D-4D87-AB19-6DF4F8106AD3}"
EndProject
Project("{FAE04EC0-301F-11D3-BF4B-00C04F79EFBC}") = "ProjetoExemplo.Data", "ProjetoExemplo.Data\ProjetoExemplo.Data.csproj", "{60809A2A-D3F8-43B0-B9F3-2E3F4AA9CA07}"
EndProject
Project("{FAE04EC0-301F-11D3-BF4B-00C04F79EFBC}") = "ProjetoExemplo.Domain", "ProjetoExemplo.Domain\ProjetoExemplo.Domain.csproj", "{0DA7E2EF-89B8-4476-9E78-47BFC5BF9288}"
EndProject
Project("{FAE04EC0-301F-11D3-BF4B-00C04F79EFBC}") = "ProjetoExemplo.Ioc", "ProjetoExemplo.Ioc\ProjetoExemplo.Ioc.csproj", "{9B31F450-0E89-4138-B1F9-4D8D29602BB0}"
EndProject
Global
	GlobalSection(SolutionConfigurationPlatforms) = preSolution
		Debug|Any CPU = Debug|Any CPU
		Release|Any CPU = Release|Any CPU
	EndGlobalSection
	GlobalSection(SolutionProperties) = preSolution
		HideSolutionNode = FALSE
	EndGlobalSection
	GlobalSection(ProjectConfigurationPlatforms) = postSolution
		{C8477CE3-9237-427B-AFE6-19282A9E95B9}.Debug|Any CPU.ActiveCfg = Debug|Any CPU
		{C8477CE3-9237-427B-AFE6-19282A9E95B9}.Debug|Any CPU.Build.0 = Debug|Any CPU
		{C8477CE3-9237-427B-AFE6-19282A9E95B9}.Release|Any CPU.ActiveCfg = Release|Any CPU
		{C8477CE3-9237-427B-AFE6-19282A9E95B9}.Release|Any CPU.Build.0 = Release|Any CPU
		{93513577-919D-4D87-AB19-6DF4F8106AD3}.Debug|Any CPU.ActiveCfg = Debug|Any CPU
		{93513577-919D-4D87-AB19-6DF4F8106AD3}.Debug|Any CPU.Build.0 = Debug|Any CPU
		{93513577-919D-4D87-AB19-6DF4F8106AD3}.Release|Any CPU.ActiveCfg = Release|Any CPU
		{93513577-919D-4D87-AB19-6DF4F8106AD3}.Release|Any CPU.Build.0 = Release|Any CPU
		{60809A2A-D3F8-43B0-B9F3-2E3F4AA9CA07}.Debug|Any CPU.ActiveCfg = Debug|Any CPU
		{60809A2A-D3F8-43B0-B9F3-2E3F4AA9CA07}.Debug|Any CPU.Build.0 = Debug|Any CPU
		{60809A2A-D3F8-43B0-B9F3-2E3F4AA9CA07}.Release|Any CPU.ActiveCfg = Release|Any CPU
		{60809A2A-D3F8-43B0-B9F3-2E3F4AA9CA07}.Release|Any CPU.Build.0 = Release|Any CPU
		{0DA7E2EF-89B8-4476-9E78-47BFC5BF9288}.Debug|Any CPU.ActiveCfg = Debug|Any CPU
		{0DA7E2EF-89B8-4476-9E78-47BFC5BF9288}.Debug|Any CPU.Build.0 = Debug|Any CPU
		{0DA7E2EF-89B8-4476-9E78-47BFC5BF9288}.Release|Any CPU.ActiveCfg = Release|Any CPU
		{0DA7E2EF-89B8-4476-9E78-47BFC5BF9288}.Release|Any CPU.Build.0 = Release|Any CPU
		{9B31F450-0E89-4138-B1F9-4D8D29602BB0}.Debug|Any CPU.ActiveCfg = Debug|Any CPU
		{9B31F450-0E89-4138-B1F9-4D8D29602BB0}.Debug|Any CPU.Build.0 = Debug|Any CPU
		{9B31F450-0E89-4138-B1F9-4D8D29602BB0}.Release|Any CPU.ActiveCfg = Release|Any CPU
		{9B31F450-0E89-4138-B1F9-4D8D29602BB0}.Release|Any CPU.Build.0 = Release|Any CPU
	EndGlobalSection
EndGlobal
